// !$*UTF8*$!
{
	archiveVersion = 1;
	classes = {
	};
	objectVersion = 46;
	objects = {

/* Begin PBXBuildFile section */
		AA13027C1D6AAEBE0078A06D /* TDSmbgSet.swift in Sources */ = {isa = PBXBuildFile; fileRef = AA13027B1D6AAEBE0078A06D /* TDSmbgSet.swift */; };
		AA13027D1D6AAEBE0078A06D /* TDSmbgSet.swift in Sources */ = {isa = PBXBuildFile; fileRef = AA13027B1D6AAEBE0078A06D /* TDSmbgSet.swift */; };
		AA13027F1D6AB1D00078A06D /* TDCbgSet.swift in Sources */ = {isa = PBXBuildFile; fileRef = AA13027E1D6AB1D00078A06D /* TDCbgSet.swift */; };
		AA1302801D6AB1D00078A06D /* TDCbgSet.swift in Sources */ = {isa = PBXBuildFile; fileRef = AA13027E1D6AB1D00078A06D /* TDCbgSet.swift */; };
		AA1302821D6AB2BD0078A06D /* TDBloodKetoneSet.swift in Sources */ = {isa = PBXBuildFile; fileRef = AA1302811D6AB2BD0078A06D /* TDBloodKetoneSet.swift */; };
		AA1302831D6AB2BD0078A06D /* TDBloodKetoneSet.swift in Sources */ = {isa = PBXBuildFile; fileRef = AA1302811D6AB2BD0078A06D /* TDBloodKetoneSet.swift */; };
		AA1302851D6AB43C0078A06D /* TDBasalSet.swift in Sources */ = {isa = PBXBuildFile; fileRef = AA1302841D6AB43C0078A06D /* TDBasalSet.swift */; };
		AA1302861D6AB43C0078A06D /* TDBasalSet.swift in Sources */ = {isa = PBXBuildFile; fileRef = AA1302841D6AB43C0078A06D /* TDBasalSet.swift */; };
		AA1302881D6AB57B0078A06D /* TDBolusSet.swift in Sources */ = {isa = PBXBuildFile; fileRef = AA1302871D6AB57B0078A06D /* TDBolusSet.swift */; };
		AA1302891D6AB57B0078A06D /* TDBolusSet.swift in Sources */ = {isa = PBXBuildFile; fileRef = AA1302871D6AB57B0078A06D /* TDBolusSet.swift */; };
		AA13028B1D6AB6100078A06D /* TDCgmSettingsSet.swift in Sources */ = {isa = PBXBuildFile; fileRef = AA13028A1D6AB6100078A06D /* TDCgmSettingsSet.swift */; };
		AA13028C1D6AB6100078A06D /* TDCgmSettingsSet.swift in Sources */ = {isa = PBXBuildFile; fileRef = AA13028A1D6AB6100078A06D /* TDCgmSettingsSet.swift */; };
		AA13028E1D6AB7690078A06D /* TDPumpSettingsSet.swift in Sources */ = {isa = PBXBuildFile; fileRef = AA13028D1D6AB7690078A06D /* TDPumpSettingsSet.swift */; };
		AA13028F1D6AB7690078A06D /* TDPumpSettingsSet.swift in Sources */ = {isa = PBXBuildFile; fileRef = AA13028D1D6AB7690078A06D /* TDPumpSettingsSet.swift */; };
		AA1302911D6AB7E30078A06D /* TDWizardSet.swift in Sources */ = {isa = PBXBuildFile; fileRef = AA1302901D6AB7E30078A06D /* TDWizardSet.swift */; };
		AA1302921D6AB7E30078A06D /* TDWizardSet.swift in Sources */ = {isa = PBXBuildFile; fileRef = AA1302901D6AB7E30078A06D /* TDWizardSet.swift */; };
		AA1F776D1D662B4600931A0D /* TDCgmSettings.swift in Sources */ = {isa = PBXBuildFile; fileRef = AA1F776C1D662B4600931A0D /* TDCgmSettings.swift */; };
		AA1F776E1D662B4600931A0D /* TDCgmSettings.swift in Sources */ = {isa = PBXBuildFile; fileRef = AA1F776C1D662B4600931A0D /* TDCgmSettings.swift */; };
		AA1F77701D6636AC00931A0D /* TDPumpSettings.swift in Sources */ = {isa = PBXBuildFile; fileRef = AA1F776F1D6636AC00931A0D /* TDPumpSettings.swift */; };
		AA1F77711D6636AC00931A0D /* TDPumpSettings.swift in Sources */ = {isa = PBXBuildFile; fileRef = AA1F776F1D6636AC00931A0D /* TDPumpSettings.swift */; };
		AA1F77751D67C98E00931A0D /* TDUpload.swift in Sources */ = {isa = PBXBuildFile; fileRef = AA1F77741D67C98E00931A0D /* TDUpload.swift */; };
		AA1F77761D67C98E00931A0D /* TDUpload.swift in Sources */ = {isa = PBXBuildFile; fileRef = AA1F77741D67C98E00931A0D /* TDUpload.swift */; };
		AABC67641D62A9DD00BF2442 /* Datetime.swift in Sources */ = {isa = PBXBuildFile; fileRef = AABC67631D62A9DD00BF2442 /* Datetime.swift */; };
		AABC67651D62AAEF00BF2442 /* Datetime.swift in Sources */ = {isa = PBXBuildFile; fileRef = AABC67631D62A9DD00BF2442 /* Datetime.swift */; };
		AABC67841D63790400BF2442 /* TDSmbg.swift in Sources */ = {isa = PBXBuildFile; fileRef = AABC67811D63790400BF2442 /* TDSmbg.swift */; };
		AABC67851D63790400BF2442 /* TDSet.swift in Sources */ = {isa = PBXBuildFile; fileRef = AABC67821D63790400BF2442 /* TDSet.swift */; };
		AABC67861D63790400BF2442 /* TidepoolData.swift in Sources */ = {isa = PBXBuildFile; fileRef = AABC67831D63790400BF2442 /* TidepoolData.swift */; };
		AABC678A1D637BC000BF2442 /* TDCbg.swift in Sources */ = {isa = PBXBuildFile; fileRef = AABC67871D637AE300BF2442 /* TDCbg.swift */; };
		AABC678B1D637BC100BF2442 /* TDCbg.swift in Sources */ = {isa = PBXBuildFile; fileRef = AABC67871D637AE300BF2442 /* TDCbg.swift */; };
		AABC678C1D637C8300BF2442 /* TidepoolData.swift in Sources */ = {isa = PBXBuildFile; fileRef = AABC67831D63790400BF2442 /* TidepoolData.swift */; };
		AABC678D1D637C8600BF2442 /* TDSet.swift in Sources */ = {isa = PBXBuildFile; fileRef = AABC67821D63790400BF2442 /* TDSet.swift */; };
		AABC678E1D637C8900BF2442 /* TDSmbg.swift in Sources */ = {isa = PBXBuildFile; fileRef = AABC67811D63790400BF2442 /* TDSmbg.swift */; };
		AABC67901D637D7B00BF2442 /* TDBloodKetone.swift in Sources */ = {isa = PBXBuildFile; fileRef = AABC678F1D637D7B00BF2442 /* TDBloodKetone.swift */; };
		AABC67911D637E3100BF2442 /* TDBloodKetone.swift in Sources */ = {isa = PBXBuildFile; fileRef = AABC678F1D637D7B00BF2442 /* TDBloodKetone.swift */; };
		AABC67931D637EE100BF2442 /* TDBolus.swift in Sources */ = {isa = PBXBuildFile; fileRef = AABC67921D637EE100BF2442 /* TDBolus.swift */; };
		AABC67941D637EE400BF2442 /* TDBolus.swift in Sources */ = {isa = PBXBuildFile; fileRef = AABC67921D637EE100BF2442 /* TDBolus.swift */; };
		AABC67961D63AD6400BF2442 /* TDBasal.swift in Sources */ = {isa = PBXBuildFile; fileRef = AABC67951D63AD6400BF2442 /* TDBasal.swift */; };
		AABC67971D63AD6400BF2442 /* TDBasal.swift in Sources */ = {isa = PBXBuildFile; fileRef = AABC67951D63AD6400BF2442 /* TDBasal.swift */; };
		AABC67AD1D64DE9A00BF2442 /* TDWizard.swift in Sources */ = {isa = PBXBuildFile; fileRef = AABC67AC1D64DE9A00BF2442 /* TDWizard.swift */; };
		AABC67AE1D64DE9A00BF2442 /* TDWizard.swift in Sources */ = {isa = PBXBuildFile; fileRef = AABC67AC1D64DE9A00BF2442 /* TDWizard.swift */; };
		AACFD76C1D57F10500E212CF /* TidepoolKit.h in Headers */ = {isa = PBXBuildFile; fileRef = AACFD76B1D57F10500E212CF /* TidepoolKit.h */; settings = {ATTRIBUTES = (Public, ); }; };
		AACFD7731D57F10500E212CF /* TidepoolKit.framework in Frameworks */ = {isa = PBXBuildFile; fileRef = AACFD7681D57F10500E212CF /* TidepoolKit.framework */; };
		AACFD7781D57F10500E212CF /* TidepoolKitTests.swift in Sources */ = {isa = PBXBuildFile; fileRef = AACFD7771D57F10500E212CF /* TidepoolKitTests.swift */; };
		AACFD7CB1D58E33700E212CF /* TidepoolApiClient.swift in Sources */ = {isa = PBXBuildFile; fileRef = AACFD7851D58007900E212CF /* TidepoolApiClient.swift */; };
		AACFD7CC1D58E33800E212CF /* TidepoolApiClient.swift in Sources */ = {isa = PBXBuildFile; fileRef = AACFD7851D58007900E212CF /* TidepoolApiClient.swift */; };
		AADB933F1D85C1FE008A5ED7 /* CryptoSwift.framework in Frameworks */ = {isa = PBXBuildFile; fileRef = AADB933E1D85C1FE008A5ED7 /* CryptoSwift.framework */; };
/* End PBXBuildFile section */

/* Begin PBXContainerItemProxy section */
		AACFD7741D57F10500E212CF /* PBXContainerItemProxy */ = {
			isa = PBXContainerItemProxy;
			containerPortal = AACFD75F1D57F10500E212CF /* Project object */;
			proxyType = 1;
			remoteGlobalIDString = AACFD7671D57F10500E212CF;
			remoteInfo = TidepoolKit;
		};
/* End PBXContainerItemProxy section */

/* Begin PBXFileReference section */
		AA13027B1D6AAEBE0078A06D /* TDSmbgSet.swift */ = {isa = PBXFileReference; fileEncoding = 4; lastKnownFileType = sourcecode.swift; path = TDSmbgSet.swift; sourceTree = "<group>"; };
		AA13027E1D6AB1D00078A06D /* TDCbgSet.swift */ = {isa = PBXFileReference; fileEncoding = 4; lastKnownFileType = sourcecode.swift; path = TDCbgSet.swift; sourceTree = "<group>"; };
		AA1302811D6AB2BD0078A06D /* TDBloodKetoneSet.swift */ = {isa = PBXFileReference; fileEncoding = 4; lastKnownFileType = sourcecode.swift; path = TDBloodKetoneSet.swift; sourceTree = "<group>"; };
		AA1302841D6AB43C0078A06D /* TDBasalSet.swift */ = {isa = PBXFileReference; fileEncoding = 4; lastKnownFileType = sourcecode.swift; path = TDBasalSet.swift; sourceTree = "<group>"; };
		AA1302871D6AB57B0078A06D /* TDBolusSet.swift */ = {isa = PBXFileReference; fileEncoding = 4; lastKnownFileType = sourcecode.swift; path = TDBolusSet.swift; sourceTree = "<group>"; };
		AA13028A1D6AB6100078A06D /* TDCgmSettingsSet.swift */ = {isa = PBXFileReference; fileEncoding = 4; lastKnownFileType = sourcecode.swift; path = TDCgmSettingsSet.swift; sourceTree = "<group>"; };
		AA13028D1D6AB7690078A06D /* TDPumpSettingsSet.swift */ = {isa = PBXFileReference; fileEncoding = 4; lastKnownFileType = sourcecode.swift; path = TDPumpSettingsSet.swift; sourceTree = "<group>"; };
		AA1302901D6AB7E30078A06D /* TDWizardSet.swift */ = {isa = PBXFileReference; fileEncoding = 4; lastKnownFileType = sourcecode.swift; path = TDWizardSet.swift; sourceTree = "<group>"; };
		AA1F776C1D662B4600931A0D /* TDCgmSettings.swift */ = {isa = PBXFileReference; fileEncoding = 4; lastKnownFileType = sourcecode.swift; path = TDCgmSettings.swift; sourceTree = "<group>"; };
		AA1F776F1D6636AC00931A0D /* TDPumpSettings.swift */ = {isa = PBXFileReference; fileEncoding = 4; lastKnownFileType = sourcecode.swift; path = TDPumpSettings.swift; sourceTree = "<group>"; };
		AA1F77741D67C98E00931A0D /* TDUpload.swift */ = {isa = PBXFileReference; fileEncoding = 4; lastKnownFileType = sourcecode.swift; path = TDUpload.swift; sourceTree = "<group>"; };
		AABC67631D62A9DD00BF2442 /* Datetime.swift */ = {isa = PBXFileReference; fileEncoding = 4; lastKnownFileType = sourcecode.swift; name = Datetime.swift; path = TidepoolKit/Datetime.swift; sourceTree = SOURCE_ROOT; };
		AABC67811D63790400BF2442 /* TDSmbg.swift */ = {isa = PBXFileReference; fileEncoding = 4; lastKnownFileType = sourcecode.swift; path = TDSmbg.swift; sourceTree = "<group>"; };
		AABC67821D63790400BF2442 /* TDSet.swift */ = {isa = PBXFileReference; fileEncoding = 4; lastKnownFileType = sourcecode.swift; path = TDSet.swift; sourceTree = "<group>"; };
		AABC67831D63790400BF2442 /* TidepoolData.swift */ = {isa = PBXFileReference; fileEncoding = 4; lastKnownFileType = sourcecode.swift; path = TidepoolData.swift; sourceTree = "<group>"; };
		AABC67871D637AE300BF2442 /* TDCbg.swift */ = {isa = PBXFileReference; fileEncoding = 4; lastKnownFileType = sourcecode.swift; path = TDCbg.swift; sourceTree = "<group>"; };
		AABC678F1D637D7B00BF2442 /* TDBloodKetone.swift */ = {isa = PBXFileReference; fileEncoding = 4; lastKnownFileType = sourcecode.swift; path = TDBloodKetone.swift; sourceTree = "<group>"; };
		AABC67921D637EE100BF2442 /* TDBolus.swift */ = {isa = PBXFileReference; fileEncoding = 4; lastKnownFileType = sourcecode.swift; path = TDBolus.swift; sourceTree = "<group>"; };
		AABC67951D63AD6400BF2442 /* TDBasal.swift */ = {isa = PBXFileReference; fileEncoding = 4; lastKnownFileType = sourcecode.swift; path = TDBasal.swift; sourceTree = "<group>"; };
		AABC67AC1D64DE9A00BF2442 /* TDWizard.swift */ = {isa = PBXFileReference; fileEncoding = 4; lastKnownFileType = sourcecode.swift; path = TDWizard.swift; sourceTree = "<group>"; };
		AACFD7681D57F10500E212CF /* TidepoolKit.framework */ = {isa = PBXFileReference; explicitFileType = wrapper.framework; includeInIndex = 0; path = TidepoolKit.framework; sourceTree = BUILT_PRODUCTS_DIR; };
		AACFD76B1D57F10500E212CF /* TidepoolKit.h */ = {isa = PBXFileReference; lastKnownFileType = sourcecode.c.h; path = TidepoolKit.h; sourceTree = "<group>"; };
		AACFD76D1D57F10500E212CF /* Info.plist */ = {isa = PBXFileReference; lastKnownFileType = text.plist.xml; path = Info.plist; sourceTree = "<group>"; };
		AACFD7721D57F10500E212CF /* TidepoolKitTests.xctest */ = {isa = PBXFileReference; explicitFileType = wrapper.cfbundle; includeInIndex = 0; path = TidepoolKitTests.xctest; sourceTree = BUILT_PRODUCTS_DIR; };
		AACFD7771D57F10500E212CF /* TidepoolKitTests.swift */ = {isa = PBXFileReference; lastKnownFileType = sourcecode.swift; path = TidepoolKitTests.swift; sourceTree = "<group>"; };
		AACFD7791D57F10500E212CF /* Info.plist */ = {isa = PBXFileReference; lastKnownFileType = text.plist.xml; path = Info.plist; sourceTree = "<group>"; };
		AACFD7851D58007900E212CF /* TidepoolApiClient.swift */ = {isa = PBXFileReference; fileEncoding = 4; lastKnownFileType = sourcecode.swift; path = TidepoolApiClient.swift; sourceTree = "<group>"; };
		AADB933E1D85C1FE008A5ED7 /* CryptoSwift.framework */ = {isa = PBXFileReference; lastKnownFileType = wrapper.framework; name = CryptoSwift.framework; path = Carthage/Build/iOS/CryptoSwift.framework; sourceTree = "<group>"; };
/* End PBXFileReference section */

/* Begin PBXFrameworksBuildPhase section */
		AACFD7641D57F10500E212CF /* Frameworks */ = {
			isa = PBXFrameworksBuildPhase;
			buildActionMask = 2147483647;
			files = (
				AADB933F1D85C1FE008A5ED7 /* CryptoSwift.framework in Frameworks */,
			);
			runOnlyForDeploymentPostprocessing = 0;
		};
		AACFD76F1D57F10500E212CF /* Frameworks */ = {
			isa = PBXFrameworksBuildPhase;
			buildActionMask = 2147483647;
			files = (
				AACFD7731D57F10500E212CF /* TidepoolKit.framework in Frameworks */,
			);
			runOnlyForDeploymentPostprocessing = 0;
		};
/* End PBXFrameworksBuildPhase section */

/* Begin PBXGroup section */
		AABC679D1D64099D00BF2442 /* Frameworks */ = {
			isa = PBXGroup;
			children = (
				AADB933E1D85C1FE008A5ED7 /* CryptoSwift.framework */,
			);
			name = Frameworks;
			sourceTree = "<group>";
		};
		AACFD75E1D57F10500E212CF = {
			isa = PBXGroup;
			children = (
				AABC679D1D64099D00BF2442 /* Frameworks */,
				AACFD76A1D57F10500E212CF /* TidepoolKit */,
				AACFD7761D57F10500E212CF /* TidepoolKitTests */,
				AACFD7691D57F10500E212CF /* Products */,
			);
			sourceTree = "<group>";
		};
		AACFD7691D57F10500E212CF /* Products */ = {
			isa = PBXGroup;
			children = (
				AACFD7681D57F10500E212CF /* TidepoolKit.framework */,
				AACFD7721D57F10500E212CF /* TidepoolKitTests.xctest */,
			);
			name = Products;
			sourceTree = "<group>";
		};
		AACFD76A1D57F10500E212CF /* TidepoolKit */ = {
			isa = PBXGroup;
			children = (
				AACFD76B1D57F10500E212CF /* TidepoolKit.h */,
				AACFD76D1D57F10500E212CF /* Info.plist */,
				AACFD7851D58007900E212CF /* TidepoolApiClient.swift */,
				AABC67631D62A9DD00BF2442 /* Datetime.swift */,
				AACFD7841D57F31200E212CF /* TidepoolData */,
			);
			path = TidepoolKit;
			sourceTree = "<group>";
		};
		AACFD7761D57F10500E212CF /* TidepoolKitTests */ = {
			isa = PBXGroup;
			children = (
				AACFD7771D57F10500E212CF /* TidepoolKitTests.swift */,
				AACFD7791D57F10500E212CF /* Info.plist */,
			);
			path = TidepoolKitTests;
			sourceTree = "<group>";
		};
		AACFD7841D57F31200E212CF /* TidepoolData */ = {
			isa = PBXGroup;
			children = (
				AABC67811D63790400BF2442 /* TDSmbg.swift */,
				AABC67821D63790400BF2442 /* TDSet.swift */,
				AA13027B1D6AAEBE0078A06D /* TDSmbgSet.swift */,
				AA13027E1D6AB1D00078A06D /* TDCbgSet.swift */,
				AA1302811D6AB2BD0078A06D /* TDBloodKetoneSet.swift */,
				AA1302841D6AB43C0078A06D /* TDBasalSet.swift */,
				AA1302871D6AB57B0078A06D /* TDBolusSet.swift */,
				AA13028A1D6AB6100078A06D /* TDCgmSettingsSet.swift */,
				AA1F77741D67C98E00931A0D /* TDUpload.swift */,
				AABC67831D63790400BF2442 /* TidepoolData.swift */,
				AA1F776C1D662B4600931A0D /* TDCgmSettings.swift */,
				AA13028D1D6AB7690078A06D /* TDPumpSettingsSet.swift */,
				AA1302901D6AB7E30078A06D /* TDWizardSet.swift */,
				AABC67871D637AE300BF2442 /* TDCbg.swift */,
				AABC678F1D637D7B00BF2442 /* TDBloodKetone.swift */,
				AABC67921D637EE100BF2442 /* TDBolus.swift */,
				AABC67951D63AD6400BF2442 /* TDBasal.swift */,
				AABC67AC1D64DE9A00BF2442 /* TDWizard.swift */,
				AA1F776F1D6636AC00931A0D /* TDPumpSettings.swift */,
			);
			path = TidepoolData;
			sourceTree = "<group>";
		};
/* End PBXGroup section */

/* Begin PBXHeadersBuildPhase section */
		AACFD7651D57F10500E212CF /* Headers */ = {
			isa = PBXHeadersBuildPhase;
			buildActionMask = 2147483647;
			files = (
				AACFD76C1D57F10500E212CF /* TidepoolKit.h in Headers */,
			);
			runOnlyForDeploymentPostprocessing = 0;
		};
/* End PBXHeadersBuildPhase section */

/* Begin PBXNativeTarget section */
		AACFD7671D57F10500E212CF /* TidepoolKit */ = {
			isa = PBXNativeTarget;
			buildConfigurationList = AACFD77C1D57F10500E212CF /* Build configuration list for PBXNativeTarget "TidepoolKit" */;
			buildPhases = (
				AACFD7631D57F10500E212CF /* Sources */,
				AACFD7641D57F10500E212CF /* Frameworks */,
				AACFD7651D57F10500E212CF /* Headers */,
				AACFD7661D57F10500E212CF /* Resources */,
			);
			buildRules = (
			);
			dependencies = (
			);
			name = TidepoolKit;
			productName = TidepoolKit;
			productReference = AACFD7681D57F10500E212CF /* TidepoolKit.framework */;
			productType = "com.apple.product-type.framework";
		};
		AACFD7711D57F10500E212CF /* TidepoolKitTests */ = {
			isa = PBXNativeTarget;
			buildConfigurationList = AACFD77F1D57F10500E212CF /* Build configuration list for PBXNativeTarget "TidepoolKitTests" */;
			buildPhases = (
				AACFD76E1D57F10500E212CF /* Sources */,
				AACFD76F1D57F10500E212CF /* Frameworks */,
				AACFD7701D57F10500E212CF /* Resources */,
			);
			buildRules = (
			);
			dependencies = (
				AACFD7751D57F10500E212CF /* PBXTargetDependency */,
			);
			name = TidepoolKitTests;
			productName = TidepoolKitTests;
			productReference = AACFD7721D57F10500E212CF /* TidepoolKitTests.xctest */;
			productType = "com.apple.product-type.bundle.unit-test";
		};
/* End PBXNativeTarget section */

/* Begin PBXProject section */
		AACFD75F1D57F10500E212CF /* Project object */ = {
			isa = PBXProject;
			attributes = {
				LastSwiftUpdateCheck = 0730;
				LastUpgradeCheck = 0730;
				ORGANIZATIONNAME = "Ethan Look";
				TargetAttributes = {
					AACFD7671D57F10500E212CF = {
						CreatedOnToolsVersion = 7.3.1;
					};
					AACFD7711D57F10500E212CF = {
						CreatedOnToolsVersion = 7.3.1;
					};
				};
			};
			buildConfigurationList = AACFD7621D57F10500E212CF /* Build configuration list for PBXProject "TidepoolKit" */;
			compatibilityVersion = "Xcode 3.2";
			developmentRegion = English;
			hasScannedForEncodings = 0;
			knownRegions = (
				en,
			);
			mainGroup = AACFD75E1D57F10500E212CF;
			productRefGroup = AACFD7691D57F10500E212CF /* Products */;
			projectDirPath = "";
			projectRoot = "";
			targets = (
				AACFD7671D57F10500E212CF /* TidepoolKit */,
				AACFD7711D57F10500E212CF /* TidepoolKitTests */,
			);
		};
/* End PBXProject section */

/* Begin PBXResourcesBuildPhase section */
		AACFD7661D57F10500E212CF /* Resources */ = {
			isa = PBXResourcesBuildPhase;
			buildActionMask = 2147483647;
			files = (
			);
			runOnlyForDeploymentPostprocessing = 0;
		};
		AACFD7701D57F10500E212CF /* Resources */ = {
			isa = PBXResourcesBuildPhase;
			buildActionMask = 2147483647;
			files = (
			);
			runOnlyForDeploymentPostprocessing = 0;
		};
/* End PBXResourcesBuildPhase section */

/* Begin PBXSourcesBuildPhase section */
		AACFD7631D57F10500E212CF /* Sources */ = {
			isa = PBXSourcesBuildPhase;
			buildActionMask = 2147483647;
			files = (
				AA1302911D6AB7E30078A06D /* TDWizardSet.swift in Sources */,
				AA1F77701D6636AC00931A0D /* TDPumpSettings.swift in Sources */,
				AA1302851D6AB43C0078A06D /* TDBasalSet.swift in Sources */,
				AA13027C1D6AAEBE0078A06D /* TDSmbgSet.swift in Sources */,
				AABC67641D62A9DD00BF2442 /* Datetime.swift in Sources */,
				AABC67961D63AD6400BF2442 /* TDBasal.swift in Sources */,
				AA13028E1D6AB7690078A06D /* TDPumpSettingsSet.swift in Sources */,
				AABC67861D63790400BF2442 /* TidepoolData.swift in Sources */,
				AACFD7CC1D58E33800E212CF /* TidepoolApiClient.swift in Sources */,
				AABC67901D637D7B00BF2442 /* TDBloodKetone.swift in Sources */,
				AA13028B1D6AB6100078A06D /* TDCgmSettingsSet.swift in Sources */,
				AABC67851D63790400BF2442 /* TDSet.swift in Sources */,
				AA1F77751D67C98E00931A0D /* TDUpload.swift in Sources */,
				AA13027F1D6AB1D00078A06D /* TDCbgSet.swift in Sources */,
				AA1F776D1D662B4600931A0D /* TDCgmSettings.swift in Sources */,
				AA1302821D6AB2BD0078A06D /* TDBloodKetoneSet.swift in Sources */,
				AABC67931D637EE100BF2442 /* TDBolus.swift in Sources */,
				AA1302881D6AB57B0078A06D /* TDBolusSet.swift in Sources */,
				AABC67AD1D64DE9A00BF2442 /* TDWizard.swift in Sources */,
				AABC678A1D637BC000BF2442 /* TDCbg.swift in Sources */,
				AABC67841D63790400BF2442 /* TDSmbg.swift in Sources */,
			);
			runOnlyForDeploymentPostprocessing = 0;
		};
		AACFD76E1D57F10500E212CF /* Sources */ = {
			isa = PBXSourcesBuildPhase;
			buildActionMask = 2147483647;
			files = (
				AABC67941D637EE400BF2442 /* TDBolus.swift in Sources */,
				AACFD7CB1D58E33700E212CF /* TidepoolApiClient.swift in Sources */,
				AA1302861D6AB43C0078A06D /* TDBasalSet.swift in Sources */,
				AABC678C1D637C8300BF2442 /* TidepoolData.swift in Sources */,
				AA13028F1D6AB7690078A06D /* TDPumpSettingsSet.swift in Sources */,
				AA1302831D6AB2BD0078A06D /* TDBloodKetoneSet.swift in Sources */,
				AABC678D1D637C8600BF2442 /* TDSet.swift in Sources */,
				AA1F776E1D662B4600931A0D /* TDCgmSettings.swift in Sources */,
				AACFD7781D57F10500E212CF /* TidepoolKitTests.swift in Sources */,
				AABC67AE1D64DE9A00BF2442 /* TDWizard.swift in Sources */,
				AA1F77711D6636AC00931A0D /* TDPumpSettings.swift in Sources */,
				AA1F77761D67C98E00931A0D /* TDUpload.swift in Sources */,
				AA1302801D6AB1D00078A06D /* TDCbgSet.swift in Sources */,
				AABC67971D63AD6400BF2442 /* TDBasal.swift in Sources */,
				AABC67911D637E3100BF2442 /* TDBloodKetone.swift in Sources */,
				AABC678E1D637C8900BF2442 /* TDSmbg.swift in Sources */,
				AA13027D1D6AAEBE0078A06D /* TDSmbgSet.swift in Sources */,
				AA1302891D6AB57B0078A06D /* TDBolusSet.swift in Sources */,
				AA13028C1D6AB6100078A06D /* TDCgmSettingsSet.swift in Sources */,
				AA1302921D6AB7E30078A06D /* TDWizardSet.swift in Sources */,
				AABC678B1D637BC100BF2442 /* TDCbg.swift in Sources */,
				AABC67651D62AAEF00BF2442 /* Datetime.swift in Sources */,
			);
			runOnlyForDeploymentPostprocessing = 0;
		};
/* End PBXSourcesBuildPhase section */

/* Begin PBXTargetDependency section */
		AACFD7751D57F10500E212CF /* PBXTargetDependency */ = {
			isa = PBXTargetDependency;
			target = AACFD7671D57F10500E212CF /* TidepoolKit */;
			targetProxy = AACFD7741D57F10500E212CF /* PBXContainerItemProxy */;
		};
/* End PBXTargetDependency section */

/* Begin XCBuildConfiguration section */
		AACFD77A1D57F10500E212CF /* Debug */ = {
			isa = XCBuildConfiguration;
			buildSettings = {
				ALWAYS_SEARCH_USER_PATHS = NO;
				CLANG_ANALYZER_NONNULL = YES;
				CLANG_CXX_LANGUAGE_STANDARD = "gnu++0x";
				CLANG_CXX_LIBRARY = "libc++";
				CLANG_ENABLE_MODULES = YES;
				CLANG_ENABLE_OBJC_ARC = YES;
				CLANG_WARN_BOOL_CONVERSION = YES;
				CLANG_WARN_CONSTANT_CONVERSION = YES;
				CLANG_WARN_DIRECT_OBJC_ISA_USAGE = YES_ERROR;
				CLANG_WARN_EMPTY_BODY = YES;
				CLANG_WARN_ENUM_CONVERSION = YES;
				CLANG_WARN_INT_CONVERSION = YES;
				CLANG_WARN_OBJC_ROOT_CLASS = YES_ERROR;
				CLANG_WARN_UNREACHABLE_CODE = YES;
				CLANG_WARN__DUPLICATE_METHOD_MATCH = YES;
				"CODE_SIGN_IDENTITY[sdk=iphoneos*]" = "iPhone Developer";
				COPY_PHASE_STRIP = NO;
				CURRENT_PROJECT_VERSION = 1;
				DEBUG_INFORMATION_FORMAT = dwarf;
				ENABLE_STRICT_OBJC_MSGSEND = YES;
				ENABLE_TESTABILITY = YES;
				GCC_C_LANGUAGE_STANDARD = gnu99;
				GCC_DYNAMIC_NO_PIC = NO;
				GCC_NO_COMMON_BLOCKS = YES;
				GCC_OPTIMIZATION_LEVEL = 0;
				GCC_PREPROCESSOR_DEFINITIONS = (
					"DEBUG=1",
					"$(inherited)",
				);
				GCC_WARN_64_TO_32_BIT_CONVERSION = YES;
				GCC_WARN_ABOUT_RETURN_TYPE = YES_ERROR;
				GCC_WARN_UNDECLARED_SELECTOR = YES;
				GCC_WARN_UNINITIALIZED_AUTOS = YES_AGGRESSIVE;
				GCC_WARN_UNUSED_FUNCTION = YES;
				GCC_WARN_UNUSED_VARIABLE = YES;
				IPHONEOS_DEPLOYMENT_TARGET = 9.3;
				MTL_ENABLE_DEBUG_INFO = YES;
				ONLY_ACTIVE_ARCH = YES;
				SDKROOT = iphoneos;
				SWIFT_OPTIMIZATION_LEVEL = "-Onone";
				TARGETED_DEVICE_FAMILY = "1,2";
				VERSIONING_SYSTEM = "apple-generic";
				VERSION_INFO_PREFIX = "";
			};
			name = Debug;
		};
		AACFD77B1D57F10500E212CF /* Release */ = {
			isa = XCBuildConfiguration;
			buildSettings = {
				ALWAYS_SEARCH_USER_PATHS = NO;
				CLANG_ANALYZER_NONNULL = YES;
				CLANG_CXX_LANGUAGE_STANDARD = "gnu++0x";
				CLANG_CXX_LIBRARY = "libc++";
				CLANG_ENABLE_MODULES = YES;
				CLANG_ENABLE_OBJC_ARC = YES;
				CLANG_WARN_BOOL_CONVERSION = YES;
				CLANG_WARN_CONSTANT_CONVERSION = YES;
				CLANG_WARN_DIRECT_OBJC_ISA_USAGE = YES_ERROR;
				CLANG_WARN_EMPTY_BODY = YES;
				CLANG_WARN_ENUM_CONVERSION = YES;
				CLANG_WARN_INT_CONVERSION = YES;
				CLANG_WARN_OBJC_ROOT_CLASS = YES_ERROR;
				CLANG_WARN_UNREACHABLE_CODE = YES;
				CLANG_WARN__DUPLICATE_METHOD_MATCH = YES;
				"CODE_SIGN_IDENTITY[sdk=iphoneos*]" = "iPhone Developer";
				COPY_PHASE_STRIP = NO;
				CURRENT_PROJECT_VERSION = 1;
				DEBUG_INFORMATION_FORMAT = "dwarf-with-dsym";
				ENABLE_NS_ASSERTIONS = NO;
				ENABLE_STRICT_OBJC_MSGSEND = YES;
				GCC_C_LANGUAGE_STANDARD = gnu99;
				GCC_NO_COMMON_BLOCKS = YES;
				GCC_WARN_64_TO_32_BIT_CONVERSION = YES;
				GCC_WARN_ABOUT_RETURN_TYPE = YES_ERROR;
				GCC_WARN_UNDECLARED_SELECTOR = YES;
				GCC_WARN_UNINITIALIZED_AUTOS = YES_AGGRESSIVE;
				GCC_WARN_UNUSED_FUNCTION = YES;
				GCC_WARN_UNUSED_VARIABLE = YES;
				IPHONEOS_DEPLOYMENT_TARGET = 9.3;
				MTL_ENABLE_DEBUG_INFO = NO;
				SDKROOT = iphoneos;
				TARGETED_DEVICE_FAMILY = "1,2";
				VALIDATE_PRODUCT = YES;
				VERSIONING_SYSTEM = "apple-generic";
				VERSION_INFO_PREFIX = "";
			};
			name = Release;
		};
		AACFD77D1D57F10500E212CF /* Debug */ = {
			isa = XCBuildConfiguration;
			buildSettings = {
				CLANG_ENABLE_MODULES = YES;
				DEFINES_MODULE = YES;
				DYLIB_COMPATIBILITY_VERSION = 1;
				DYLIB_CURRENT_VERSION = 1;
				DYLIB_INSTALL_NAME_BASE = "@rpath";
				EMBEDDED_CONTENT_CONTAINS_SWIFT = NO;
				FRAMEWORK_SEARCH_PATHS = (
					"$(inherited)",
					"$(PROJECT_DIR)/Carthage/Build/iOS",
				);
				HEADER_SEARCH_PATHS = "";
				INFOPLIST_FILE = TidepoolKit/Info.plist;
				INSTALL_PATH = "$(LOCAL_LIBRARY_DIR)/Frameworks";
				LD_RUNPATH_SEARCH_PATHS = "$(inherited) @executable_path/Frameworks @loader_path/Frameworks";
				PRODUCT_BUNDLE_IDENTIFIER = org.lookfamily.ethan.TidepoolKit;
				PRODUCT_NAME = "$(TARGET_NAME)";
				SKIP_INSTALL = YES;
				SWIFT_OBJC_BRIDGING_HEADER = "";
				SWIFT_OPTIMIZATION_LEVEL = "-Onone";
			};
			name = Debug;
		};
		AACFD77E1D57F10500E212CF /* Release */ = {
			isa = XCBuildConfiguration;
			buildSettings = {
				CLANG_ENABLE_MODULES = YES;
				DEFINES_MODULE = YES;
				DYLIB_COMPATIBILITY_VERSION = 1;
				DYLIB_CURRENT_VERSION = 1;
				DYLIB_INSTALL_NAME_BASE = "@rpath";
				EMBEDDED_CONTENT_CONTAINS_SWIFT = NO;
				FRAMEWORK_SEARCH_PATHS = (
					"$(inherited)",
					"$(PROJECT_DIR)/Carthage/Build/iOS",
				);
				HEADER_SEARCH_PATHS = "";
				INFOPLIST_FILE = TidepoolKit/Info.plist;
				INSTALL_PATH = "$(LOCAL_LIBRARY_DIR)/Frameworks";
				LD_RUNPATH_SEARCH_PATHS = "$(inherited) @executable_path/Frameworks @loader_path/Frameworks";
				PRODUCT_BUNDLE_IDENTIFIER = org.lookfamily.ethan.TidepoolKit;
				PRODUCT_NAME = "$(TARGET_NAME)";
				SKIP_INSTALL = YES;
				SWIFT_OBJC_BRIDGING_HEADER = "";
			};
			name = Release;
		};
		AACFD7801D57F10500E212CF /* Debug */ = {
			isa = XCBuildConfiguration;
			buildSettings = {
				FRAMEWORK_SEARCH_PATHS = (
					"$(inherited)",
					"$(PROJECT_DIR)/Carthage/Build/iOS",
				);
				INFOPLIST_FILE = TidepoolKitTests/Info.plist;
				LD_RUNPATH_SEARCH_PATHS = "$(inherited) @executable_path/Frameworks @loader_path/Frameworks";
				PRODUCT_BUNDLE_IDENTIFIER = org.lookfamily.ethan.TidepoolKitTests;
				PRODUCT_NAME = "$(TARGET_NAME)";
			};
			name = Debug;
		};
		AACFD7811D57F10500E212CF /* Release */ = {
			isa = XCBuildConfiguration;
			buildSettings = {
				FRAMEWORK_SEARCH_PATHS = (
					"$(inherited)",
					"$(PROJECT_DIR)/Carthage/Build/iOS",
				);
				INFOPLIST_FILE = TidepoolKitTests/Info.plist;
				LD_RUNPATH_SEARCH_PATHS = "$(inherited) @executable_path/Frameworks @loader_path/Frameworks";
				PRODUCT_BUNDLE_IDENTIFIER = org.lookfamily.ethan.TidepoolKitTests;
				PRODUCT_NAME = "$(TARGET_NAME)";
			};
			name = Release;
		};
/* End XCBuildConfiguration section */

/* Begin XCConfigurationList section */
		AACFD7621D57F10500E212CF /* Build configuration list for PBXProject "TidepoolKit" */ = {
			isa = XCConfigurationList;
			buildConfigurations = (
				AACFD77A1D57F10500E212CF /* Debug */,
				AACFD77B1D57F10500E212CF /* Release */,
			);
			defaultConfigurationIsVisible = 0;
			defaultConfigurationName = Release;
		};
		AACFD77C1D57F10500E212CF /* Build configuration list for PBXNativeTarget "TidepoolKit" */ = {
			isa = XCConfigurationList;
			buildConfigurations = (
				AACFD77D1D57F10500E212CF /* Debug */,
				AACFD77E1D57F10500E212CF /* Release */,
			);
			defaultConfigurationIsVisible = 0;
			defaultConfigurationName = Release;
		};
		AACFD77F1D57F10500E212CF /* Build configuration list for PBXNativeTarget "TidepoolKitTests" */ = {
			isa = XCConfigurationList;
			buildConfigurations = (
				AACFD7801D57F10500E212CF /* Debug */,
				AACFD7811D57F10500E212CF /* Release */,
			);
			defaultConfigurationIsVisible = 0;
			defaultConfigurationName = Release;
		};
/* End XCConfigurationList section */
	};
	rootObject = AACFD75F1D57F10500E212CF /* Project object */;
}
